
Microsoft Visual Studio Solution File, Format Version 12.00
# Visual Studio 15
VisualStudioVersion = 15.0.27428.2015
MinimumVisualStudioVersion = 10.0.40219.1
Project("{FAE04EC0-301F-11D3-BF4B-00C04F79EFBC}") = "PROforma_University", "PROforma_University\PROforma_University.csproj", "{59636EF9-6943-4581-8D9A-F7080A9792B3}"
EndProject
Global
	GlobalSection(SolutionConfigurationPlatforms) = preSolution
		Debug|Any CPU = Debug|Any CPU
		Release|Any CPU = Release|Any CPU
	EndGlobalSection
	GlobalSection(ProjectConfigurationPlatforms) = postSolution
		{59636EF9-6943-4581-8D9A-F7080A9792B3}.Debug|Any CPU.ActiveCfg = Debug|Any CPU
		{59636EF9-6943-4581-8D9A-F7080A9792B3}.Debug|Any CPU.Build.0 = Debug|Any CPU
		{59636EF9-6943-4581-8D9A-F7080A9792B3}.Release|Any CPU.ActiveCfg = Release|Any CPU
		{59636EF9-6943-4581-8D9A-F7080A9792B3}.Release|Any CPU.Build.0 = Release|Any CPU
	EndGlobalSection
	GlobalSection(SolutionProperties) = preSolution
		HideSolutionNode = FALSE
	EndGlobalSection
	GlobalSection(ExtensibilityGlobals) = postSolution
		SolutionGuid = {D1FAFB18-7997-4A7F-B9C8-6F0591D827E1}
	EndGlobalSection
EndGlobal
